
Microsoft Visual Studio Solution File, Format Version 12.00
# Visual Studio 15
VisualStudioVersion = 15.0.28307.1145
MinimumVisualStudioVersion = 10.0.40219.1
Project("{FAE04EC0-301F-11D3-BF4B-00C04F79EFBC}") = "BasicLogger.jnet.systems", "BasicLogger.jnet.systems\BasicLogger.jnet.systems.csproj", "{BFB68D2D-8A90-447D-BB0C-70515A9958CC}"
EndProject
Project("{FAE04EC0-301F-11D3-BF4B-00C04F79EFBC}") = "TestLogger", "TestLogger\TestLogger.csproj", "{03434366-FAFC-4A09-9957-B175FF9C58B2}"
EndProject
Project("{FAE04EC0-301F-11D3-BF4B-00C04F79EFBC}") = "Teams.Logger", "Teams.Logger\Teams.Logger.csproj", "{E10E1122-7BA0-43E3-8435-D5CA959A2D8E}"
EndProject
Global
	GlobalSection(SolutionConfigurationPlatforms) = preSolution
		Debug|Any CPU = Debug|Any CPU
		Release|Any CPU = Release|Any CPU
	EndGlobalSection
	GlobalSection(ProjectConfigurationPlatforms) = postSolution
		{BFB68D2D-8A90-447D-BB0C-70515A9958CC}.Debug|Any CPU.ActiveCfg = Debug|Any CPU
		{BFB68D2D-8A90-447D-BB0C-70515A9958CC}.Debug|Any CPU.Build.0 = Debug|Any CPU
		{BFB68D2D-8A90-447D-BB0C-70515A9958CC}.Release|Any CPU.ActiveCfg = Release|Any CPU
		{BFB68D2D-8A90-447D-BB0C-70515A9958CC}.Release|Any CPU.Build.0 = Release|Any CPU
		{03434366-FAFC-4A09-9957-B175FF9C58B2}.Debug|Any CPU.ActiveCfg = Debug|Any CPU
		{03434366-FAFC-4A09-9957-B175FF9C58B2}.Debug|Any CPU.Build.0 = Debug|Any CPU
		{03434366-FAFC-4A09-9957-B175FF9C58B2}.Release|Any CPU.ActiveCfg = Release|Any CPU
		{03434366-FAFC-4A09-9957-B175FF9C58B2}.Release|Any CPU.Build.0 = Release|Any CPU
		{E10E1122-7BA0-43E3-8435-D5CA959A2D8E}.Debug|Any CPU.ActiveCfg = Debug|Any CPU
		{E10E1122-7BA0-43E3-8435-D5CA959A2D8E}.Debug|Any CPU.Build.0 = Debug|Any CPU
		{E10E1122-7BA0-43E3-8435-D5CA959A2D8E}.Release|Any CPU.ActiveCfg = Release|Any CPU
		{E10E1122-7BA0-43E3-8435-D5CA959A2D8E}.Release|Any CPU.Build.0 = Release|Any CPU
	EndGlobalSection
	GlobalSection(SolutionProperties) = preSolution
		HideSolutionNode = FALSE
	EndGlobalSection
	GlobalSection(ExtensibilityGlobals) = postSolution
		SolutionGuid = {12615F19-18F5-4AFB-A108-C853CF3D5378}
	EndGlobalSection
EndGlobal
